
Microsoft Visual Studio Solution File, Format Version 12.00
# Visual Studio Version 16
VisualStudioVersion = 16.0.29215.179
MinimumVisualStudioVersion = 10.0.40219.1
Project("{9A19103F-16F7-4668-BE54-9A1E7A4F7556}") = "PresidentsList_API", "PresidentsList_API\PresidentsList_API.csproj", "{2E6D2354-4B53-4C8C-91AF-77F0879F1A0B}"
EndProject
Project("{2150E333-8FDC-42A3-9474-1A3956D46DE8}") = "PresidentsList.Web", "PresidentsList.Web", "{A2AFE7BF-629C-469C-8BD6-C454AAC1A7A9}"
EndProject
Project("{2150E333-8FDC-42A3-9474-1A3956D46DE8}") = "PresidentsList.Domain", "PresidentsList.Domain", "{FFC5ABD0-4AD4-4B9F-B769-79186DDD8526}"
EndProject
Project("{9A19103F-16F7-4668-BE54-9A1E7A4F7556}") = "PresidentsList.Domain.Interfaces", "PresidentsList.Domain.Interfaces\PresidentsList.Domain.Interfaces.csproj", "{3FE51935-BBC7-4D81-9BB6-DAE98C9DECF7}"
EndProject
Project("{9A19103F-16F7-4668-BE54-9A1E7A4F7556}") = "PresidentsList.Domain.Models", "PresidentsList.Domain.Models\PresidentsList.Domain.Models.csproj", "{D9EF2D4E-84C1-4AE9-A762-052DC23FC371}"
EndProject
Project("{9A19103F-16F7-4668-BE54-9A1E7A4F7556}") = "PresidentsList.Domain.Services", "PresidentsList.Domain.Services\PresidentsList.Domain.Services.csproj", "{7BE6B32D-36C6-4E2C-92BA-705E6D50E252}"
EndProject
Project("{2150E333-8FDC-42A3-9474-1A3956D46DE8}") = "PresidentsList.infrastructure", "PresidentsList.infrastructure", "{8D5C6903-73BE-4E57-9F5C-55E9B7971E38}"
EndProject
Project("{9A19103F-16F7-4668-BE54-9A1E7A4F7556}") = "PresidentsList.Infrastructure.Resources", "PresidentsList.Infrastructure.Resources\PresidentsList.Infrastructure.Resources.csproj", "{5F3C3D2E-916B-4D05-9893-8551DE115732}"
EndProject
Project("{9A19103F-16F7-4668-BE54-9A1E7A4F7556}") = "PresidentsList.Infrastructure.Interfaces", "PresidentsList.Infrastructure.Interfaces\PresidentsList.Infrastructure.Interfaces.csproj", "{88D487B1-8613-43BD-9314-2377F5DA5EAE}"
EndProject
Project("{2150E333-8FDC-42A3-9474-1A3956D46DE8}") = "PresidentsList.Application", "PresidentsList.Application", "{336E2D56-9A88-4718-8DBF-720E6A582825}"
EndProject
Project("{9A19103F-16F7-4668-BE54-9A1E7A4F7556}") = "PresidentsList.Application.Interfaces", "PresidentsList.Application.Interfaces\PresidentsList.Application.Interfaces.csproj", "{3E50C6F2-A9AF-4F08-BCC0-1BADBBCB466E}"
EndProject
Project("{9A19103F-16F7-4668-BE54-9A1E7A4F7556}") = "PresidentsList.Applications.Services", "PresidentsList.Applications.Services\PresidentsList.Applications.Services.csproj", "{672174B2-CDB0-4481-A934-315C088EA19B}"
EndProject
Project("{FAE04EC0-301F-11D3-BF4B-00C04F79EFBC}") = "PresidentsList.Domain.Enumerators", "PresidentsList.Domain.Enumerators\PresidentsList.Domain.Enumerators.csproj", "{1A496171-7A05-4DC4-813B-7164162ECE8A}"
EndProject
Global
	GlobalSection(SolutionConfigurationPlatforms) = preSolution
		Debug|Any CPU = Debug|Any CPU
		Release|Any CPU = Release|Any CPU
	EndGlobalSection
	GlobalSection(ProjectConfigurationPlatforms) = postSolution
		{2E6D2354-4B53-4C8C-91AF-77F0879F1A0B}.Debug|Any CPU.ActiveCfg = Debug|Any CPU
		{2E6D2354-4B53-4C8C-91AF-77F0879F1A0B}.Debug|Any CPU.Build.0 = Debug|Any CPU
		{2E6D2354-4B53-4C8C-91AF-77F0879F1A0B}.Release|Any CPU.ActiveCfg = Release|Any CPU
		{2E6D2354-4B53-4C8C-91AF-77F0879F1A0B}.Release|Any CPU.Build.0 = Release|Any CPU
		{3FE51935-BBC7-4D81-9BB6-DAE98C9DECF7}.Debug|Any CPU.ActiveCfg = Debug|Any CPU
		{3FE51935-BBC7-4D81-9BB6-DAE98C9DECF7}.Debug|Any CPU.Build.0 = Debug|Any CPU
		{3FE51935-BBC7-4D81-9BB6-DAE98C9DECF7}.Release|Any CPU.ActiveCfg = Release|Any CPU
		{3FE51935-BBC7-4D81-9BB6-DAE98C9DECF7}.Release|Any CPU.Build.0 = Release|Any CPU
		{D9EF2D4E-84C1-4AE9-A762-052DC23FC371}.Debug|Any CPU.ActiveCfg = Debug|Any CPU
		{D9EF2D4E-84C1-4AE9-A762-052DC23FC371}.Debug|Any CPU.Build.0 = Debug|Any CPU
		{D9EF2D4E-84C1-4AE9-A762-052DC23FC371}.Release|Any CPU.ActiveCfg = Release|Any CPU
		{D9EF2D4E-84C1-4AE9-A762-052DC23FC371}.Release|Any CPU.Build.0 = Release|Any CPU
		{7BE6B32D-36C6-4E2C-92BA-705E6D50E252}.Debug|Any CPU.ActiveCfg = Debug|Any CPU
		{7BE6B32D-36C6-4E2C-92BA-705E6D50E252}.Debug|Any CPU.Build.0 = Debug|Any CPU
		{7BE6B32D-36C6-4E2C-92BA-705E6D50E252}.Release|Any CPU.ActiveCfg = Release|Any CPU
		{7BE6B32D-36C6-4E2C-92BA-705E6D50E252}.Release|Any CPU.Build.0 = Release|Any CPU
		{5F3C3D2E-916B-4D05-9893-8551DE115732}.Debug|Any CPU.ActiveCfg = Debug|Any CPU
		{5F3C3D2E-916B-4D05-9893-8551DE115732}.Debug|Any CPU.Build.0 = Debug|Any CPU
		{5F3C3D2E-916B-4D05-9893-8551DE115732}.Release|Any CPU.ActiveCfg = Release|Any CPU
		{5F3C3D2E-916B-4D05-9893-8551DE115732}.Release|Any CPU.Build.0 = Release|Any CPU
		{88D487B1-8613-43BD-9314-2377F5DA5EAE}.Debug|Any CPU.ActiveCfg = Debug|Any CPU
		{88D487B1-8613-43BD-9314-2377F5DA5EAE}.Debug|Any CPU.Build.0 = Debug|Any CPU
		{88D487B1-8613-43BD-9314-2377F5DA5EAE}.Release|Any CPU.ActiveCfg = Release|Any CPU
		{88D487B1-8613-43BD-9314-2377F5DA5EAE}.Release|Any CPU.Build.0 = Release|Any CPU
		{3E50C6F2-A9AF-4F08-BCC0-1BADBBCB466E}.Debug|Any CPU.ActiveCfg = Debug|Any CPU
		{3E50C6F2-A9AF-4F08-BCC0-1BADBBCB466E}.Debug|Any CPU.Build.0 = Debug|Any CPU
		{3E50C6F2-A9AF-4F08-BCC0-1BADBBCB466E}.Release|Any CPU.ActiveCfg = Release|Any CPU
		{3E50C6F2-A9AF-4F08-BCC0-1BADBBCB466E}.Release|Any CPU.Build.0 = Release|Any CPU
		{672174B2-CDB0-4481-A934-315C088EA19B}.Debug|Any CPU.ActiveCfg = Debug|Any CPU
		{672174B2-CDB0-4481-A934-315C088EA19B}.Debug|Any CPU.Build.0 = Debug|Any CPU
		{672174B2-CDB0-4481-A934-315C088EA19B}.Release|Any CPU.ActiveCfg = Release|Any CPU
		{672174B2-CDB0-4481-A934-315C088EA19B}.Release|Any CPU.Build.0 = Release|Any CPU
		{1A496171-7A05-4DC4-813B-7164162ECE8A}.Debug|Any CPU.ActiveCfg = Debug|Any CPU
		{1A496171-7A05-4DC4-813B-7164162ECE8A}.Debug|Any CPU.Build.0 = Debug|Any CPU
		{1A496171-7A05-4DC4-813B-7164162ECE8A}.Release|Any CPU.ActiveCfg = Release|Any CPU
		{1A496171-7A05-4DC4-813B-7164162ECE8A}.Release|Any CPU.Build.0 = Release|Any CPU
	EndGlobalSection
	GlobalSection(SolutionProperties) = preSolution
		HideSolutionNode = FALSE
	EndGlobalSection
	GlobalSection(NestedProjects) = preSolution
		{2E6D2354-4B53-4C8C-91AF-77F0879F1A0B} = {A2AFE7BF-629C-469C-8BD6-C454AAC1A7A9}
		{3FE51935-BBC7-4D81-9BB6-DAE98C9DECF7} = {FFC5ABD0-4AD4-4B9F-B769-79186DDD8526}
		{D9EF2D4E-84C1-4AE9-A762-052DC23FC371} = {FFC5ABD0-4AD4-4B9F-B769-79186DDD8526}
		{7BE6B32D-36C6-4E2C-92BA-705E6D50E252} = {FFC5ABD0-4AD4-4B9F-B769-79186DDD8526}
		{5F3C3D2E-916B-4D05-9893-8551DE115732} = {8D5C6903-73BE-4E57-9F5C-55E9B7971E38}
		{88D487B1-8613-43BD-9314-2377F5DA5EAE} = {8D5C6903-73BE-4E57-9F5C-55E9B7971E38}
		{3E50C6F2-A9AF-4F08-BCC0-1BADBBCB466E} = {336E2D56-9A88-4718-8DBF-720E6A582825}
		{672174B2-CDB0-4481-A934-315C088EA19B} = {336E2D56-9A88-4718-8DBF-720E6A582825}
		{1A496171-7A05-4DC4-813B-7164162ECE8A} = {FFC5ABD0-4AD4-4B9F-B769-79186DDD8526}
	EndGlobalSection
	GlobalSection(ExtensibilityGlobals) = postSolution
		SolutionGuid = {2A480A43-3C0C-4FA1-AA9F-DCCE4461C20E}
	EndGlobalSection
EndGlobal
